// !$*UTF8*$!
{
	archiveVersion = 1;
	classes = {
	};
	objectVersion = 77;
	objects = {

/* Begin PBXBuildFile section */
		53B9ECE42FB4D1A7003FA9D1 /* Info.plist in Resources */ = {isa = PBXBuildFile; fileRef = 53B9ECDC2FB4D1A7003FA9D1 /* Info.plist */; };
		53B9ECE52FB4D1A7003FA9D1 /* ScopeDisplayView.swift in Sources */ = {isa = PBXBuildFile; fileRef = 53B9ECE12FB4D1A7003FA9D1 /* ScopeDisplayView.swift */; };
		53B9ECE62FB4D1A7003FA9D1 /* AudioAnalyzer.swift in Sources */ = {isa = PBXBuildFile; fileRef = 53B9ECD72FB4D1A7003FA9D1 /* AudioAnalyzer.swift */; };
		53B9ECE72FB4D1A7003FA9D1 /* ScopeApp.swift in Sources */ = {isa = PBXBuildFile; fileRef = 53B9ECE02FB4D1A7003FA9D1 /* ScopeApp.swift */; };
		53B9ECE82FB4D1A7003FA9D1 /* ScopeWindowView.swift in Sources */ = {isa = PBXBuildFile; fileRef = 53B9ECE22FB4D1A7003FA9D1 /* ScopeWindowView.swift */; };
		53B9ECE92FB4D1A7003FA9D1 /* CaptureManager.swift in Sources */ = {isa = PBXBuildFile; fileRef = 53B9ECDA2FB4D1A7003FA9D1 /* CaptureManager.swift */; };
		53B9ECEA2FB4D1A7003FA9D1 /* ScopeRenderer.swift in Sources */ = {isa = PBXBuildFile; fileRef = 53B9ECDD2FB4D1A7003FA9D1 /* ScopeRenderer.swift */; };
		53B9ECEB2FB4D1A7003FA9D1 /* SystemAudioCapture.swift in Sources */ = {isa = PBXBuildFile; fileRef = 53B9ECD82FB4D1A7003FA9D1 /* SystemAudioCapture.swift */; };
		53ICON0012FB4D1A7003FA9D1 /* Assets.xcassets in Resources */ = {isa = PBXBuildFile; fileRef = 53ICON0002FB4D1A7003FA9D1 /* Assets.xcassets */; };
/* End PBXBuildFile section */

/* Begin PBXFileReference section */
		5313948B2FB4C91900A16898 /* Scope.app */ = {isa = PBXFileReference; explicitFileType = wrapper.application; includeInIndex = 0; path = Scope.app; sourceTree = BUILT_PRODUCTS_DIR; };
		53B9ECD72FB4D1A7003FA9D1 /* AudioAnalyzer.swift */ = {isa = PBXFileReference; lastKnownFileType = sourcecode.swift; path = AudioAnalyzer.swift; sourceTree = "<group>"; };
		53B9ECD82FB4D1A7003FA9D1 /* SystemAudioCapture.swift */ = {isa = PBXFileReference; lastKnownFileType = sourcecode.swift; path = SystemAudioCapture.swift; sourceTree = "<group>"; };
		53B9ECDA2FB4D1A7003FA9D1 /* CaptureManager.swift */ = {isa = PBXFileReference; lastKnownFileType = sourcecode.swift; path = CaptureManager.swift; sourceTree = "<group>"; };
		53B9ECDC2FB4D1A7003FA9D1 /* Info.plist */ = {isa = PBXFileReference; lastKnownFileType = text.plist.xml; path = Info.plist; sourceTree = "<group>"; };
		53B9ECDD2FB4D1A7003FA9D1 /* ScopeRenderer.swift */ = {isa = PBXFileReference; lastKnownFileType = sourcecode.swift; path = ScopeRenderer.swift; sourceTree = "<group>"; };
		53B9ECDF2FB4D1A7003FA9D1 /* Scope.entitlements */ = {isa = PBXFileReference; lastKnownFileType = text.plist.entitlements; path = Scope.entitlements; sourceTree = "<group>"; };
		53B9ECE02FB4D1A7003FA9D1 /* ScopeApp.swift */ = {isa = PBXFileReference; lastKnownFileType = sourcecode.swift; path = ScopeApp.swift; sourceTree = "<group>"; };
		53B9ECE12FB4D1A7003FA9D1 /* ScopeDisplayView.swift */ = {isa = PBXFileReference; lastKnownFileType = sourcecode.swift; path = ScopeDisplayView.swift; sourceTree = "<group>"; };
		53B9ECE22FB4D1A7003FA9D1 /* ScopeWindowView.swift */ = {isa = PBXFileReference; lastKnownFileType = sourcecode.swift; path = ScopeWindowView.swift; sourceTree = "<group>"; };
		53ICON0002FB4D1A7003FA9D1 /* Assets.xcassets */ = {isa = PBXFileReference; lastKnownFileType = folder.assetcatalog; path = Assets.xcassets; sourceTree = "<group>"; };
/* End PBXFileReference section */

/* Begin PBXFrameworksBuildPhase section */
		531394882FB4C91900A16898 /* Frameworks */ = {
			isa = PBXFrameworksBuildPhase;
			buildActionMask = 2147483647;
			files = (
			);
			runOnlyForDeploymentPostprocessing = 0;
		};
/* End PBXFrameworksBuildPhase section */

/* Begin PBXGroup section */
		531394822FB4C91900A16898 = {
			isa = PBXGroup;
			children = (
				53ICON0002FB4D1A7003FA9D1 /* Assets.xcassets */,
				53B9ECD92FB4D1A7003FA9D1 /* AudioCapture */,
				53B9ECDB2FB4D1A7003FA9D1 /* Capture */,
				53B9ECDC2FB4D1A7003FA9D1 /* Info.plist */,
				53B9ECDE2FB4D1A7003FA9D1 /* Renderer */,
				53B9ECDF2FB4D1A7003FA9D1 /* Scope.entitlements */,
				53B9ECE02FB4D1A7003FA9D1 /* ScopeApp.swift */,
				53B9ECE32FB4D1A7003FA9D1 /* Views */,
				5313948C2FB4C91900A16898 /* Products */,
			);
			sourceTree = "<group>";
		};
		5313948C2FB4C91900A16898 /* Products */ = {
			isa = PBXGroup;
			children = (
				5313948B2FB4C91900A16898 /* Scope.app */,
			);
			name = Products;
			sourceTree = "<group>";
		};
		53B9ECD92FB4D1A7003FA9D1 /* AudioCapture */ = {
			isa = PBXGroup;
			children = (
				53B9ECD72FB4D1A7003FA9D1 /* AudioAnalyzer.swift */,
				53B9ECD82FB4D1A7003FA9D1 /* SystemAudioCapture.swift */,
			);
			path = AudioCapture;
			sourceTree = "<group>";
		};
		53B9ECDB2FB4D1A7003FA9D1 /* Capture */ = {
			isa = PBXGroup;
			children = (
				53B9ECDA2FB4D1A7003FA9D1 /* CaptureManager.swift */,
			);
			path = Capture;
			sourceTree = "<group>";
		};
		53B9ECDE2FB4D1A7003FA9D1 /* Renderer */ = {
			isa = PBXGroup;
			children = (
				53B9ECDD2FB4D1A7003FA9D1 /* ScopeRenderer.swift */,
			);
			path = Renderer;
			sourceTree = "<group>";
		};
		53B9ECE32FB4D1A7003FA9D1 /* Views */ = {
			isa = PBXGroup;
			children = (
				53B9ECE12FB4D1A7003FA9D1 /* ScopeDisplayView.swift */,
				53B9ECE22FB4D1A7003FA9D1 /* ScopeWindowView.swift */,
			);
			path = Views;
			sourceTree = "<group>";
		};
/* End PBXGroup section */

/* Begin PBXNativeTarget section */
		5313948A2FB4C91900A16898 /* Scope */ = {
			isa = PBXNativeTarget;
			buildConfigurationList = 531394962FB4C91A00A16898 /* Build configuration list for PBXNativeTarget "Scope" */;
			buildPhases = (
				531394872FB4C91900A16898 /* Sources */,
				531394882FB4C91900A16898 /* Frameworks */,
				531394892FB4C91900A16898 /* Resources */,
			);
			buildRules = (
			);
			dependencies = (
			);
			name = Scope;
			packageProductDependencies = (
			);
			productName = Scope;
			productReference = 5313948B2FB4C91900A16898 /* Scope.app */;
			productType = "com.apple.product-type.application";
		};
/* End PBXNativeTarget section */

/* Begin PBXProject section */
		531394832FB4C91900A16898 /* Project object */ = {
			isa = PBXProject;
			attributes = {
				BuildIndependentTargetsInParallel = 1;
				LastSwiftUpdateCheck = 2630;
				LastUpgradeCheck = 2630;
				TargetAttributes = {
					5313948A2FB4C91900A16898 = {
						CreatedOnToolsVersion = 26.3;
					};
				};
			};
			buildConfigurationList = 531394862FB4C91900A16898 /* Build configuration list for PBXProject "Scope" */;
			developmentRegion = en;
			hasScannedForEncodings = 0;
			knownRegions = (
				en,
				Base,
			);
			mainGroup = 531394822FB4C91900A16898;
			minimizedProjectReferenceProxies = 1;
			preferredProjectObjectVersion = 77;
			productRefGroup = 5313948C2FB4C91900A16898 /* Products */;
			projectDirPath = "";
			projectRoot = "";
			targets = (
				5313948A2FB4C91900A16898 /* Scope */,
			);
		};
/* End PBXProject section */

/* Begin PBXResourcesBuildPhase section */
		531394892FB4C91900A16898 /* Resources */ = {
			isa = PBXResourcesBuildPhase;
			buildActionMask = 2147483647;
			files = (
				53ICON0012FB4D1A7003FA9D1 /* Assets.xcassets in Resources */,
				53B9ECE42FB4D1A7003FA9D1 /* Info.plist in Resources */,
			);
			runOnlyForDeploymentPostprocessing = 0;
		};
/* End PBXResourcesBuildPhase section */

/* Begin PBXSourcesBuildPhase section */
		531394872FB4C91900A16898 /* Sources */ = {
			isa = PBXSourcesBuildPhase;
			buildActionMask = 2147483647;
			files = (
				53B9ECE52FB4D1A7003FA9D1 /* ScopeDisplayView.swift in Sources */,
				53B9ECE62FB4D1A7003FA9D1 /* AudioAnalyzer.swift in Sources */,
				53B9ECE72FB4D1A7003FA9D1 /* ScopeApp.swift in Sources */,
				53B9ECE82FB4D1A7003FA9D1 /* ScopeWindowView.swift in Sources */,
				53B9ECE92FB4D1A7003FA9D1 /* CaptureManager.swift in Sources */,
				53B9ECEA2FB4D1A7003FA9D1 /* ScopeRenderer.swift in Sources */,
				53B9ECEB2FB4D1A7003FA9D1 /* SystemAudioCapture.swift in Sources */,
			);
			runOnlyForDeploymentPostprocessing = 0;
		};
/* End PBXSourcesBuildPhase section */

/* Begin XCBuildConfiguration section */
		531394942FB4C91A00A16898 /* Debug */ = {
			isa = XCBuildConfiguration;
			buildSettings = {
				ALWAYS_SEARCH_USER_PATHS = NO;
				ASSETCATALOG_COMPILER_GENERATE_SWIFT_ASSET_SYMBOL_EXTENSIONS = YES;
				CLANG_ANALYZER_NONNULL = YES;
				CLANG_ANALYZER_NUMBER_OBJECT_CONVERSION = YES_AGGRESSIVE;
				CLANG_CXX_LANGUAGE_STANDARD = "gnu++20";
				CLANG_ENABLE_MODULES = YES;
				CLANG_ENABLE_OBJC_ARC = YES;
				CLANG_ENABLE_OBJC_WEAK = YES;
				CLANG_WARN_BLOCK_CAPTURE_AUTORELEASING = YES;
				CLANG_WARN_BOOL_CONVERSION = YES;
				CLANG_WARN_COMMA = YES;
				CLANG_WARN_CONSTANT_CONVERSION = YES;
				CLANG_WARN_DEPRECATED_OBJC_IMPLEMENTATIONS = YES;
				CLANG_WARN_DIRECT_OBJC_ISA_USAGE = YES_ERROR;
				CLANG_WARN_DOCUMENTATION_COMMENTS = YES;
				CLANG_WARN_EMPTY_BODY = YES;
				CLANG_WARN_ENUM_CONVERSION = YES;
				CLANG_WARN_INFINITE_RECURSION = YES;
				CLANG_WARN_INT_CONVERSION = YES;
				CLANG_WARN_NON_LITERAL_NULL_CONVERSION = YES;
				CLANG_WARN_OBJC_IMPLICIT_RETAIN_SELF = YES;
				CLANG_WARN_OBJC_LITERAL_CONVERSION = YES;
				CLANG_WARN_OBJC_ROOT_CLASS = YES_ERROR;
				CLANG_WARN_QUOTED_INCLUDE_IN_FRAMEWORK_HEADER = YES;
				CLANG_WARN_RANGE_LOOP_ANALYSIS = YES;
				CLANG_WARN_STRICT_PROTOTYPES = YES;
				CLANG_WARN_SUSPICIOUS_MOVE = YES;
				CLANG_WARN_UNGUARDED_AVAILABILITY = YES_AGGRESSIVE;
				CLANG_WARN_UNREACHABLE_CODE = YES;
				CLANG_WARN__DUPLICATE_METHOD_MATCH = YES;
				COPY_PHASE_STRIP = NO;
				DEBUG_INFORMATION_FORMAT = dwarf;
				ENABLE_STRICT_OBJC_MSGSEND = YES;
				ENABLE_TESTABILITY = YES;
				ENABLE_USER_SCRIPT_SANDBOXING = YES;
				GCC_C_LANGUAGE_STANDARD = gnu17;
				GCC_DYNAMIC_NO_PIC = NO;
				GCC_NO_COMMON_BLOCKS = YES;
				GCC_OPTIMIZATION_LEVEL = 0;
				GCC_PREPROCESSOR_DEFINITIONS = (
					"DEBUG=1",
					"$(inherited)",
				);
				GCC_WARN_64_TO_32_BIT_CONVERSION = YES;
				GCC_WARN_ABOUT_RETURN_TYPE = YES_ERROR;
				GCC_WARN_UNDECLARED_SELECTOR = YES;
				GCC_WARN_UNINITIALIZED_AUTOS = YES_AGGRESSIVE;
				GCC_WARN_UNUSED_FUNCTION = YES;
				GCC_WARN_UNUSED_VARIABLE = YES;
				LOCALIZATION_PREFERS_STRING_CATALOGS = YES;
				MACOSX_DEPLOYMENT_TARGET = 14.0;
				MTL_ENABLE_DEBUG_INFO = INCLUDE_SOURCE;
				MTL_FAST_MATH = YES;
				ONLY_ACTIVE_ARCH = YES;
				SDKROOT = macosx;
				SWIFT_ACTIVE_COMPILATION_CONDITIONS = "DEBUG $(inherited)";
				SWIFT_OPTIMIZATION_LEVEL = "-Onone";
			};
			name = Debug;
		};
		531394952FB4C91A00A16898 /* Release */ = {
			isa = XCBuildConfiguration;
			buildSettings = {
				ALWAYS_SEARCH_USER_PATHS = NO;
				ASSETCATALOG_COMPILER_GENERATE_SWIFT_ASSET_SYMBOL_EXTENSIONS = YES;
				CLANG_ANALYZER_NONNULL = YES;
				CLANG_ANALYZER_NUMBER_OBJECT_CONVERSION = YES_AGGRESSIVE;
				CLANG_CXX_LANGUAGE_STANDARD = "gnu++20";
				CLANG_ENABLE_MODULES = YES;
				CLANG_ENABLE_OBJC_ARC = YES;
				CLANG_ENABLE_OBJC_WEAK = YES;
				CLANG_WARN_BLOCK_CAPTURE_AUTORELEASING = YES;
				CLANG_WARN_BOOL_CONVERSION = YES;
				CLANG_WARN_COMMA = YES;
				CLANG_WARN_CONSTANT_CONVERSION = YES;
				CLANG_WARN_DEPRECATED_OBJC_IMPLEMENTATIONS = YES;
				CLANG_WARN_DIRECT_OBJC_ISA_USAGE = YES_ERROR;
				CLANG_WARN_DOCUMENTATION_COMMENTS = YES;
				CLANG_WARN_EMPTY_BODY = YES;
				CLANG_WARN_ENUM_CONVERSION = YES;
				CLANG_WARN_INFINITE_RECURSION = YES;
				CLANG_WARN_INT_CONVERSION = YES;
				CLANG_WARN_NON_LITERAL_NULL_CONVERSION = YES;
				CLANG_WARN_OBJC_IMPLICIT_RETAIN_SELF = YES;
				CLANG_WARN_OBJC_LITERAL_CONVERSION = YES;
				CLANG_WARN_OBJC_ROOT_CLASS = YES_ERROR;
				CLANG_WARN_QUOTED_INCLUDE_IN_FRAMEWORK_HEADER = YES;
				CLANG_WARN_RANGE_LOOP_ANALYSIS = YES;
				CLANG_WARN_STRICT_PROTOTYPES = YES;
				CLANG_WARN_SUSPICIOUS_MOVE = YES;
				CLANG_WARN_UNGUARDED_AVAILABILITY = YES_AGGRESSIVE;
				CLANG_WARN_UNREACHABLE_CODE = YES;
				CLANG_WARN__DUPLICATE_METHOD_MATCH = YES;
				COPY_PHASE_STRIP = NO;
				DEBUG_INFORMATION_FORMAT = "dwarf-with-dsym";
				ENABLE_NS_ASSERTIONS = NO;
				ENABLE_STRICT_OBJC_MSGSEND = YES;
				ENABLE_USER_SCRIPT_SANDBOXING = YES;
				GCC_C_LANGUAGE_STANDARD = gnu17;
				GCC_NO_COMMON_BLOCKS = YES;
				GCC_WARN_64_TO_32_BIT_CONVERSION = YES;
				GCC_WARN_ABOUT_RETURN_TYPE = YES_ERROR;
				GCC_WARN_UNDECLARED_SELECTOR = YES;
				GCC_WARN_UNINITIALIZED_AUTOS = YES_AGGRESSIVE;
				GCC_WARN_UNUSED_FUNCTION = YES;
				GCC_WARN_UNUSED_VARIABLE = YES;
				LOCALIZATION_PREFERS_STRING_CATALOGS = YES;
				MACOSX_DEPLOYMENT_TARGET = 14.0;
				MTL_ENABLE_DEBUG_INFO = NO;
				MTL_FAST_MATH = YES;
				SDKROOT = macosx;
				SWIFT_COMPILATION_MODE = wholemodule;
			};
			name = Release;
		};
		531394972FB4C91A00A16898 /* Debug */ = {
			isa = XCBuildConfiguration;
			buildSettings = {
				ASSETCATALOG_COMPILER_APPICON_NAME = AppIcon;
				ASSETCATALOG_COMPILER_GLOBAL_ACCENT_COLOR_NAME = AccentColor;
				CODE_SIGN_IDENTITY = "Developer ID Application";
				CODE_SIGN_STYLE = Manual;
				DEVELOPMENT_TEAM = 5ANW4N5XYY;
				COMBINE_HIDPI_IMAGES = YES;
				CURRENT_PROJECT_VERSION = 1;
				ENABLE_APP_SANDBOX = NO;
				ENABLE_HARDENED_RUNTIME = YES;
				ENABLE_PREVIEWS = YES;
				ENABLE_USER_SELECTED_FILES = readonly;
				GENERATE_INFOPLIST_FILE = YES;
				INFOPLIST_KEY_LSUIElement = YES;
				INFOPLIST_KEY_NSHumanReadableCopyright = "Copyright 2025 Jay Pham. All rights reserved.";
				INFOPLIST_KEY_NSScreenCaptureUsageDescription = "Scope needs Screen Recording permission to capture system audio for the oscilloscope visualization. No screen content is recorded.";
				LD_RUNPATH_SEARCH_PATHS = (
					"$(inherited)",
					"@executable_path/../Frameworks",
				);
				MARKETING_VERSION = 1.0;
				PRODUCT_BUNDLE_IDENTIFIER = com.jaypham.Scope;
				PRODUCT_NAME = "$(TARGET_NAME)";
				REGISTER_APP_GROUPS = YES;
				STRING_CATALOG_GENERATE_SYMBOLS = YES;
				SWIFT_APPROACHABLE_CONCURRENCY = YES;
				SWIFT_DEFAULT_ACTOR_ISOLATION = nonisolated;
				SWIFT_EMIT_LOC_STRINGS = YES;
				SWIFT_UPCOMING_FEATURE_MEMBER_IMPORT_VISIBILITY = YES;
				SWIFT_VERSION = 5.0;
			};
			name = Debug;
		};
		531394982FB4C91A00A16898 /* Release */ = {
			isa = XCBuildConfiguration;
			buildSettings = {
				ASSETCATALOG_COMPILER_APPICON_NAME = AppIcon;
				ASSETCATALOG_COMPILER_GLOBAL_ACCENT_COLOR_NAME = AccentColor;
				CODE_SIGN_IDENTITY = "Developer ID Application";
				CODE_SIGN_STYLE = Manual;
				DEVELOPMENT_TEAM = 5ANW4N5XYY;
				COMBINE_HIDPI_IMAGES = YES;
				CURRENT_PROJECT_VERSION = 1;
				ENABLE_APP_SANDBOX = NO;
				ENABLE_HARDENED_RUNTIME = YES;
				ENABLE_PREVIEWS = YES;
				ENABLE_USER_SELECTED_FILES = readonly;
				GENERATE_INFOPLIST_FILE = YES;
				INFOPLIST_KEY_LSUIElement = YES;
				INFOPLIST_KEY_NSHumanReadableCopyright = "Copyright 2025 Jay Pham. All rights reserved.";
				INFOPLIST_KEY_NSScreenCaptureUsageDescription = "Scope needs Screen Recording permission to capture system audio for the oscilloscope visualization. No screen content is recorded.";
				LD_RUNPATH_SEARCH_PATHS = (
					"$(inherited)",
					"@executable_path/../Frameworks",
				);
				MARKETING_VERSION = 1.0;
				PRODUCT_BUNDLE_IDENTIFIER = com.jaypham.Scope;
				PRODUCT_NAME = "$(TARGET_NAME)";
				REGISTER_APP_GROUPS = YES;
				STRING_CATALOG_GENERATE_SYMBOLS = YES;
				SWIFT_APPROACHABLE_CONCURRENCY = YES;
				SWIFT_DEFAULT_ACTOR_ISOLATION = nonisolated;
				SWIFT_EMIT_LOC_STRINGS = YES;
				SWIFT_UPCOMING_FEATURE_MEMBER_IMPORT_VISIBILITY = YES;
				SWIFT_VERSION = 5.0;
			};
			name = Release;
		};
/* End XCBuildConfiguration section */

/* Begin XCConfigurationList section */
		531394862FB4C91900A16898 /* Build configuration list for PBXProject "Scope" */ = {
			isa = XCConfigurationList;
			buildConfigurations = (
				531394942FB4C91A00A16898 /* Debug */,
				531394952FB4C91A00A16898 /* Release */,
			);
			defaultConfigurationIsVisible = 0;
			defaultConfigurationName = Release;
		};
		531394962FB4C91A00A16898 /* Build configuration list for PBXNativeTarget "Scope" */ = {
			isa = XCConfigurationList;
			buildConfigurations = (
				531394972FB4C91A00A16898 /* Debug */,
				531394982FB4C91A00A16898 /* Release */,
			);
			defaultConfigurationIsVisible = 0;
			defaultConfigurationName = Release;
		};
/* End XCConfigurationList section */
	};
	rootObject = 531394832FB4C91900A16898 /* Project object */;
}
